
Microsoft Visual Studio Solution File, Format Version 12.00
# Visual Studio 15
VisualStudioVersion = 15.0.27004.2002
MinimumVisualStudioVersion = 10.0.40219.1
Project("{FAE04EC0-301F-11D3-BF4B-00C04F79EFBC}") = "MinorProject", "MinorProject\MinorProject.csproj", "{B322CD71-E0BD-4628-8331-EF415F9F8550}"
EndProject
Global
	GlobalSection(SolutionConfigurationPlatforms) = preSolution
		Debug|Any CPU = Debug|Any CPU
		Release|Any CPU = Release|Any CPU
	EndGlobalSection
	GlobalSection(ProjectConfigurationPlatforms) = postSolution
		{B322CD71-E0BD-4628-8331-EF415F9F8550}.Debug|Any CPU.ActiveCfg = Debug|Any CPU
		{B322CD71-E0BD-4628-8331-EF415F9F8550}.Debug|Any CPU.Build.0 = Debug|Any CPU
		{B322CD71-E0BD-4628-8331-EF415F9F8550}.Release|Any CPU.ActiveCfg = Release|Any CPU
		{B322CD71-E0BD-4628-8331-EF415F9F8550}.Release|Any CPU.Build.0 = Release|Any CPU
	EndGlobalSection
	GlobalSection(SolutionProperties) = preSolution
		HideSolutionNode = FALSE
	EndGlobalSection
	GlobalSection(ExtensibilityGlobals) = postSolution
		SolutionGuid = {D4A02D91-C3A7-4A46-AEE2-641CB97BF4A1}
	EndGlobalSection
EndGlobal
